
Microsoft Visual Studio Solution File, Format Version 12.00
# Visual Studio Version 17
VisualStudioVersion = 17.12.35527.113
MinimumVisualStudioVersion = 10.0.40219.1
Project("{2150E333-8FDC-42A3-9474-1A3956D46DE8}") = "src", "src", "{732B4E13-45A4-4297-8BBC-D273859FAE99}"
EndProject
Project("{2150E333-8FDC-42A3-9474-1A3956D46DE8}") = "tests", "tests", "{02276733-69BF-4E07-9509-D86CCA3D4066}"
EndProject
Project("{2150E333-8FDC-42A3-9474-1A3956D46DE8}") = "docker", "docker", "{971A34FC-6C6B-42BC-AE00-3CB7F496934A}"
	ProjectSection(SolutionItems) = preProject
		docker\docker-compose.yml = docker\docker-compose.yml
	EndProjectSection
EndProject
Project("{2150E333-8FDC-42A3-9474-1A3956D46DE8}") = "k8s", "k8s", "{CD5A116B-4830-48F3-B7AC-23C0F786C4BD}"
EndProject
Project("{2150E333-8FDC-42A3-9474-1A3956D46DE8}") = "Shared", "Shared", "{8AB1DA8B-D0FE-4AEE-AADF-9F7995E395C4}"
EndProject
Project("{2150E333-8FDC-42A3-9474-1A3956D46DE8}") = "Services", "Services", "{D29ACE5C-E910-4426-8D73-BD6830F0E25F}"
EndProject
Project("{2150E333-8FDC-42A3-9474-1A3956D46DE8}") = "ApiGateway", "ApiGateway", "{CA8CA5AF-EA5E-43C3-9799-C37F35D9B5C9}"
EndProject
Project("{2150E333-8FDC-42A3-9474-1A3956D46DE8}") = "Common", "Common", "{479D1905-B13C-4C85-893C-EBFBF3D2F9F8}"
EndProject
Project("{2150E333-8FDC-42A3-9474-1A3956D46DE8}") = "Events", "Events", "{47597D8F-4568-4081-8C70-BE4792950071}"
EndProject
Project("{2150E333-8FDC-42A3-9474-1A3956D46DE8}") = "Contracts", "Contracts", "{7EC05F6B-D0CA-4044-82EA-383F102C404D}"
EndProject
Project("{2150E333-8FDC-42A3-9474-1A3956D46DE8}") = "UserManagement", "UserManagement", "{43294929-3168-4820-A965-552C7723FBAC}"
EndProject
Project("{2150E333-8FDC-42A3-9474-1A3956D46DE8}") = "Account", "Account", "{4EBA4483-EBE9-445E-8CDF-486B0F6F7BEA}"
EndProject
Project("{2150E333-8FDC-42A3-9474-1A3956D46DE8}") = "Transactions", "Transactions", "{E004D922-B830-4596-9D3B-F3C5DD5D6244}"
EndProject
Project("{2150E333-8FDC-42A3-9474-1A3956D46DE8}") = "Notification", "Notification", "{CE1D8A7D-7E29-4A2D-955D-E1A1D92E0A59}"
EndProject
Project("{FAE04EC0-301F-11D3-BF4B-00C04F79EFBC}") = "PersonalFinance.Services.UserManagement", "src\Services\PersonalFinance.Services.UserManagement\PersonalFinance.Services.UserManagement.csproj", "{E5D4AFE3-1228-4B18-8B1F-F928E172B5D8}"
EndProject
Project("{FAE04EC0-301F-11D3-BF4B-00C04F79EFBC}") = "PersonalFinance.Shared.Common", "src\Shared\PersonalFinance.Shared.Common\PersonalFinance.Shared.Common.csproj", "{A60C1767-5BE0-4328-80BC-C681E472FE7C}"
EndProject
Project("{FAE04EC0-301F-11D3-BF4B-00C04F79EFBC}") = "PersonalFinance.Shared.Contracts", "src\Shared\PersonalFinance.Shared.Contracts\PersonalFinance.Shared.Contracts.csproj", "{9B596008-85C3-497A-8BCF-56D60D32B260}"
EndProject
Project("{FAE04EC0-301F-11D3-BF4B-00C04F79EFBC}") = "PersonalFinance.Shared.Events", "src\Shared\PersonalFinance.Shared.Events\PersonalFinance.Shared.Events.csproj", "{AD715BD5-F004-4554-8A87-B98069B4EE92}"
EndProject
Project("{FAE04EC0-301F-11D3-BF4B-00C04F79EFBC}") = "PersonalFinance.ApiGateway", "src\ApiGateway\PersonalFinance.ApiGateway\PersonalFinance.ApiGateway.csproj", "{580AA3D3-B96E-4858-A375-21D0722C1E54}"
EndProject
Global
	GlobalSection(SolutionConfigurationPlatforms) = preSolution
		Debug|Any CPU = Debug|Any CPU
		Release|Any CPU = Release|Any CPU
	EndGlobalSection
	GlobalSection(ProjectConfigurationPlatforms) = postSolution
		{E5D4AFE3-1228-4B18-8B1F-F928E172B5D8}.Debug|Any CPU.ActiveCfg = Debug|Any CPU
		{E5D4AFE3-1228-4B18-8B1F-F928E172B5D8}.Debug|Any CPU.Build.0 = Debug|Any CPU
		{E5D4AFE3-1228-4B18-8B1F-F928E172B5D8}.Release|Any CPU.ActiveCfg = Release|Any CPU
		{E5D4AFE3-1228-4B18-8B1F-F928E172B5D8}.Release|Any CPU.Build.0 = Release|Any CPU
		{A60C1767-5BE0-4328-80BC-C681E472FE7C}.Debug|Any CPU.ActiveCfg = Debug|Any CPU
		{A60C1767-5BE0-4328-80BC-C681E472FE7C}.Debug|Any CPU.Build.0 = Debug|Any CPU
		{A60C1767-5BE0-4328-80BC-C681E472FE7C}.Release|Any CPU.ActiveCfg = Release|Any CPU
		{A60C1767-5BE0-4328-80BC-C681E472FE7C}.Release|Any CPU.Build.0 = Release|Any CPU
		{9B596008-85C3-497A-8BCF-56D60D32B260}.Debug|Any CPU.ActiveCfg = Debug|Any CPU
		{9B596008-85C3-497A-8BCF-56D60D32B260}.Debug|Any CPU.Build.0 = Debug|Any CPU
		{9B596008-85C3-497A-8BCF-56D60D32B260}.Release|Any CPU.ActiveCfg = Release|Any CPU
		{9B596008-85C3-497A-8BCF-56D60D32B260}.Release|Any CPU.Build.0 = Release|Any CPU
		{AD715BD5-F004-4554-8A87-B98069B4EE92}.Debug|Any CPU.ActiveCfg = Debug|Any CPU
		{AD715BD5-F004-4554-8A87-B98069B4EE92}.Debug|Any CPU.Build.0 = Debug|Any CPU
		{AD715BD5-F004-4554-8A87-B98069B4EE92}.Release|Any CPU.ActiveCfg = Release|Any CPU
		{AD715BD5-F004-4554-8A87-B98069B4EE92}.Release|Any CPU.Build.0 = Release|Any CPU
		{580AA3D3-B96E-4858-A375-21D0722C1E54}.Debug|Any CPU.ActiveCfg = Debug|Any CPU
		{580AA3D3-B96E-4858-A375-21D0722C1E54}.Debug|Any CPU.Build.0 = Debug|Any CPU
		{580AA3D3-B96E-4858-A375-21D0722C1E54}.Release|Any CPU.ActiveCfg = Release|Any CPU
		{580AA3D3-B96E-4858-A375-21D0722C1E54}.Release|Any CPU.Build.0 = Release|Any CPU
	EndGlobalSection
	GlobalSection(SolutionProperties) = preSolution
		HideSolutionNode = FALSE
	EndGlobalSection
	GlobalSection(NestedProjects) = preSolution
		{8AB1DA8B-D0FE-4AEE-AADF-9F7995E395C4} = {732B4E13-45A4-4297-8BBC-D273859FAE99}
		{D29ACE5C-E910-4426-8D73-BD6830F0E25F} = {732B4E13-45A4-4297-8BBC-D273859FAE99}
		{CA8CA5AF-EA5E-43C3-9799-C37F35D9B5C9} = {732B4E13-45A4-4297-8BBC-D273859FAE99}
		{479D1905-B13C-4C85-893C-EBFBF3D2F9F8} = {8AB1DA8B-D0FE-4AEE-AADF-9F7995E395C4}
		{47597D8F-4568-4081-8C70-BE4792950071} = {8AB1DA8B-D0FE-4AEE-AADF-9F7995E395C4}
		{7EC05F6B-D0CA-4044-82EA-383F102C404D} = {8AB1DA8B-D0FE-4AEE-AADF-9F7995E395C4}
		{43294929-3168-4820-A965-552C7723FBAC} = {D29ACE5C-E910-4426-8D73-BD6830F0E25F}
		{4EBA4483-EBE9-445E-8CDF-486B0F6F7BEA} = {D29ACE5C-E910-4426-8D73-BD6830F0E25F}
		{E004D922-B830-4596-9D3B-F3C5DD5D6244} = {D29ACE5C-E910-4426-8D73-BD6830F0E25F}
		{CE1D8A7D-7E29-4A2D-955D-E1A1D92E0A59} = {D29ACE5C-E910-4426-8D73-BD6830F0E25F}
		{E5D4AFE3-1228-4B18-8B1F-F928E172B5D8} = {43294929-3168-4820-A965-552C7723FBAC}
		{A60C1767-5BE0-4328-80BC-C681E472FE7C} = {479D1905-B13C-4C85-893C-EBFBF3D2F9F8}
		{9B596008-85C3-497A-8BCF-56D60D32B260} = {7EC05F6B-D0CA-4044-82EA-383F102C404D}
		{AD715BD5-F004-4554-8A87-B98069B4EE92} = {47597D8F-4568-4081-8C70-BE4792950071}
		{580AA3D3-B96E-4858-A375-21D0722C1E54} = {CA8CA5AF-EA5E-43C3-9799-C37F35D9B5C9}
	EndGlobalSection
EndGlobal
